// !$*UTF8*$!
{
	archiveVersion = 1;
	classes = {
	};
	objectVersion = 56;
	objects = {

/* Begin PBXBuildFile section */
		18014EF829862C43008891FB /* AppDelegate.swift in Sources */ = {isa = PBXBuildFile; fileRef = 18014EF729862C43008891FB /* AppDelegate.swift */; };
		18014EFA29862C43008891FB /* SceneDelegate.swift in Sources */ = {isa = PBXBuildFile; fileRef = 18014EF929862C43008891FB /* SceneDelegate.swift */; };
		18014EFC29862C43008891FB /* ViewController.swift in Sources */ = {isa = PBXBuildFile; fileRef = 18014EFB29862C43008891FB /* ViewController.swift */; };
		18014EFF29862C43008891FB /* Main.storyboard in Resources */ = {isa = PBXBuildFile; fileRef = 18014EFD29862C43008891FB /* Main.storyboard */; };
		18014F0129862C43008891FB /* Assets.xcassets in Resources */ = {isa = PBXBuildFile; fileRef = 18014F0029862C43008891FB /* Assets.xcassets */; };
		18014F0429862C43008891FB /* LaunchScreen.storyboard in Resources */ = {isa = PBXBuildFile; fileRef = 18014F0229862C43008891FB /* LaunchScreen.storyboard */; };
		18014F1329862EEB008891FB /* A.wav in Resources */ = {isa = PBXBuildFile; fileRef = 18014F0C29862EEB008891FB /* A.wav */; };
		18014F1429862EEB008891FB /* C.wav in Resources */ = {isa = PBXBuildFile; fileRef = 18014F0D29862EEB008891FB /* C.wav */; };
		18014F1529862EEB008891FB /* B.wav in Resources */ = {isa = PBXBuildFile; fileRef = 18014F0E29862EEB008891FB /* B.wav */; };
		18014F1629862EEB008891FB /* F.wav in Resources */ = {isa = PBXBuildFile; fileRef = 18014F0F29862EEB008891FB /* F.wav */; };
		18014F1729862EEB008891FB /* G.wav in Resources */ = {isa = PBXBuildFile; fileRef = 18014F1029862EEB008891FB /* G.wav */; };
		18014F1829862EEB008891FB /* E.wav in Resources */ = {isa = PBXBuildFile; fileRef = 18014F1129862EEB008891FB /* E.wav */; };
		18014F1929862EEB008891FB /* D.wav in Resources */ = {isa = PBXBuildFile; fileRef = 18014F1229862EEB008891FB /* D.wav */; };
/* End PBXBuildFile section */

/* Begin PBXFileReference section */
		18014EF429862C43008891FB /* Xylophone Pro.app */ = {isa = PBXFileReference; explicitFileType = wrapper.application; includeInIndex = 0; path = "Xylophone Pro.app"; sourceTree = BUILT_PRODUCTS_DIR; };
		18014EF729862C43008891FB /* AppDelegate.swift */ = {isa = PBXFileReference; lastKnownFileType = sourcecode.swift; path = AppDelegate.swift; sourceTree = "<group>"; };
		18014EF929862C43008891FB /* SceneDelegate.swift */ = {isa = PBXFileReference; lastKnownFileType = sourcecode.swift; path = SceneDelegate.swift; sourceTree = "<group>"; };
		18014EFB29862C43008891FB /* ViewController.swift */ = {isa = PBXFileReference; lastKnownFileType = sourcecode.swift; path = ViewController.swift; sourceTree = "<group>"; };
		18014EFE29862C43008891FB /* Base */ = {isa = PBXFileReference; lastKnownFileType = file.storyboard; name = Base; path = Base.lproj/Main.storyboard; sourceTree = "<group>"; };
		18014F0029862C43008891FB /* Assets.xcassets */ = {isa = PBXFileReference; lastKnownFileType = folder.assetcatalog; path = Assets.xcassets; sourceTree = "<group>"; };
		18014F0329862C43008891FB /* Base */ = {isa = PBXFileReference; lastKnownFileType = file.storyboard; name = Base; path = Base.lproj/LaunchScreen.storyboard; sourceTree = "<group>"; };
		18014F0529862C43008891FB /* Info.plist */ = {isa = PBXFileReference; lastKnownFileType = text.plist.xml; path = Info.plist; sourceTree = "<group>"; };
		18014F0C29862EEB008891FB /* A.wav */ = {isa = PBXFileReference; lastKnownFileType = audio.wav; path = A.wav; sourceTree = "<group>"; };
		18014F0D29862EEB008891FB /* C.wav */ = {isa = PBXFileReference; lastKnownFileType = audio.wav; path = C.wav; sourceTree = "<group>"; };
		18014F0E29862EEB008891FB /* B.wav */ = {isa = PBXFileReference; lastKnownFileType = audio.wav; path = B.wav; sourceTree = "<group>"; };
		18014F0F29862EEB008891FB /* F.wav */ = {isa = PBXFileReference; lastKnownFileType = audio.wav; path = F.wav; sourceTree = "<group>"; };
		18014F1029862EEB008891FB /* G.wav */ = {isa = PBXFileReference; lastKnownFileType = audio.wav; path = G.wav; sourceTree = "<group>"; };
		18014F1129862EEB008891FB /* E.wav */ = {isa = PBXFileReference; lastKnownFileType = audio.wav; path = E.wav; sourceTree = "<group>"; };
		18014F1229862EEB008891FB /* D.wav */ = {isa = PBXFileReference; lastKnownFileType = audio.wav; path = D.wav; sourceTree = "<group>"; };
/* End PBXFileReference section */

/* Begin PBXFrameworksBuildPhase section */
		18014EF129862C43008891FB /* Frameworks */ = {
			isa = PBXFrameworksBuildPhase;
			buildActionMask = 2147483647;
			files = (
			);
			runOnlyForDeploymentPostprocessing = 0;
		};
/* End PBXFrameworksBuildPhase section */

/* Begin PBXGroup section */
		18014EEB29862C43008891FB = {
			isa = PBXGroup;
			children = (
				18014EF629862C43008891FB /* Xylophone Pro */,
				18014EF529862C43008891FB /* Products */,
			);
			sourceTree = "<group>";
		};
		18014EF529862C43008891FB /* Products */ = {
			isa = PBXGroup;
			children = (
				18014EF429862C43008891FB /* Xylophone Pro.app */,
			);
			name = Products;
			sourceTree = "<group>";
		};
		18014EF629862C43008891FB /* Xylophone Pro */ = {
			isa = PBXGroup;
			children = (
				18014EF729862C43008891FB /* AppDelegate.swift */,
				18014EF929862C43008891FB /* SceneDelegate.swift */,
				18014EFB29862C43008891FB /* ViewController.swift */,
				18014EFD29862C43008891FB /* Main.storyboard */,
				18014F0029862C43008891FB /* Assets.xcassets */,
				18014F0229862C43008891FB /* LaunchScreen.storyboard */,
				18014F0529862C43008891FB /* Info.plist */,
				18014F0B29862EEB008891FB /* Sounds */,
			);
			path = "Xylophone Pro";
			sourceTree = "<group>";
		};
		18014F0B29862EEB008891FB /* Sounds */ = {
			isa = PBXGroup;
			children = (
				18014F0C29862EEB008891FB /* A.wav */,
				18014F0D29862EEB008891FB /* C.wav */,
				18014F0E29862EEB008891FB /* B.wav */,
				18014F0F29862EEB008891FB /* F.wav */,
				18014F1029862EEB008891FB /* G.wav */,
				18014F1129862EEB008891FB /* E.wav */,
				18014F1229862EEB008891FB /* D.wav */,
			);
			path = Sounds;
			sourceTree = "<group>";
		};
/* End PBXGroup section */

/* Begin PBXNativeTarget section */
		18014EF329862C43008891FB /* Xylophone Pro */ = {
			isa = PBXNativeTarget;
			buildConfigurationList = 18014F0829862C43008891FB /* Build configuration list for PBXNativeTarget "Xylophone Pro" */;
			buildPhases = (
				18014EF029862C43008891FB /* Sources */,
				18014EF129862C43008891FB /* Frameworks */,
				18014EF229862C43008891FB /* Resources */,
			);
			buildRules = (
			);
			dependencies = (
			);
			name = "Xylophone Pro";
			productName = "Xylophone Pro";
			productReference = 18014EF429862C43008891FB /* Xylophone Pro.app */;
			productType = "com.apple.product-type.application";
		};
/* End PBXNativeTarget section */

/* Begin PBXProject section */
		18014EEC29862C43008891FB /* Project object */ = {
			isa = PBXProject;
			attributes = {
				BuildIndependentTargetsInParallel = 1;
				LastSwiftUpdateCheck = 1420;
				LastUpgradeCheck = 1420;
				TargetAttributes = {
					18014EF329862C43008891FB = {
						CreatedOnToolsVersion = 14.2;
					};
				};
			};
			buildConfigurationList = 18014EEF29862C43008891FB /* Build configuration list for PBXProject "Xylophone Pro" */;
			compatibilityVersion = "Xcode 14.0";
			developmentRegion = en;
			hasScannedForEncodings = 0;
			knownRegions = (
				en,
				Base,
			);
			mainGroup = 18014EEB29862C43008891FB;
			productRefGroup = 18014EF529862C43008891FB /* Products */;
			projectDirPath = "";
			projectRoot = "";
			targets = (
				18014EF329862C43008891FB /* Xylophone Pro */,
			);
		};
/* End PBXProject section */

/* Begin PBXResourcesBuildPhase section */
		18014EF229862C43008891FB /* Resources */ = {
			isa = PBXResourcesBuildPhase;
			buildActionMask = 2147483647;
			files = (
				18014F1729862EEB008891FB /* G.wav in Resources */,
				18014F0429862C43008891FB /* LaunchScreen.storyboard in Resources */,
				18014F1629862EEB008891FB /* F.wav in Resources */,
				18014F0129862C43008891FB /* Assets.xcassets in Resources */,
				18014F1329862EEB008891FB /* A.wav in Resources */,
				18014F1529862EEB008891FB /* B.wav in Resources */,
				18014F1829862EEB008891FB /* E.wav in Resources */,
				18014F1929862EEB008891FB /* D.wav in Resources */,
				18014EFF29862C43008891FB /* Main.storyboard in Resources */,
				18014F1429862EEB008891FB /* C.wav in Resources */,
			);
			runOnlyForDeploymentPostprocessing = 0;
		};
/* End PBXResourcesBuildPhase section */

/* Begin PBXSourcesBuildPhase section */
		18014EF029862C43008891FB /* Sources */ = {
			isa = PBXSourcesBuildPhase;
			buildActionMask = 2147483647;
			files = (
				18014EFC29862C43008891FB /* ViewController.swift in Sources */,
				18014EF829862C43008891FB /* AppDelegate.swift in Sources */,
				18014EFA29862C43008891FB /* SceneDelegate.swift in Sources */,
			);
			runOnlyForDeploymentPostprocessing = 0;
		};
/* End PBXSourcesBuildPhase section */

/* Begin PBXVariantGroup section */
		18014EFD29862C43008891FB /* Main.storyboard */ = {
			isa = PBXVariantGroup;
			children = (
				18014EFE29862C43008891FB /* Base */,
			);
			name = Main.storyboard;
			sourceTree = "<group>";
		};
		18014F0229862C43008891FB /* LaunchScreen.storyboard */ = {
			isa = PBXVariantGroup;
			children = (
				18014F0329862C43008891FB /* Base */,
			);
			name = LaunchScreen.storyboard;
			sourceTree = "<group>";
		};
/* End PBXVariantGroup section */

/* Begin XCBuildConfiguration section */
		18014F0629862C43008891FB /* Debug */ = {
			isa = XCBuildConfiguration;
			buildSettings = {
				ALWAYS_SEARCH_USER_PATHS = NO;
				CLANG_ANALYZER_NONNULL = YES;
				CLANG_ANALYZER_NUMBER_OBJECT_CONVERSION = YES_AGGRESSIVE;
				CLANG_CXX_LANGUAGE_STANDARD = "gnu++20";
				CLANG_ENABLE_MODULES = YES;
				CLANG_ENABLE_OBJC_ARC = YES;
				CLANG_ENABLE_OBJC_WEAK = YES;
				CLANG_WARN_BLOCK_CAPTURE_AUTORELEASING = YES;
				CLANG_WARN_BOOL_CONVERSION = YES;
				CLANG_WARN_COMMA = YES;
				CLANG_WARN_CONSTANT_CONVERSION = YES;
				CLANG_WARN_DEPRECATED_OBJC_IMPLEMENTATIONS = YES;
				CLANG_WARN_DIRECT_OBJC_ISA_USAGE = YES_ERROR;
				CLANG_WARN_DOCUMENTATION_COMMENTS = YES;
				CLANG_WARN_EMPTY_BODY = YES;
				CLANG_WARN_ENUM_CONVERSION = YES;
				CLANG_WARN_INFINITE_RECURSION = YES;
				CLANG_WARN_INT_CONVERSION = YES;
				CLANG_WARN_NON_LITERAL_NULL_CONVERSION = YES;
				CLANG_WARN_OBJC_IMPLICIT_RETAIN_SELF = YES;
				CLANG_WARN_OBJC_LITERAL_CONVERSION = YES;
				CLANG_WARN_OBJC_ROOT_CLASS = YES_ERROR;
				CLANG_WARN_QUOTED_INCLUDE_IN_FRAMEWORK_HEADER = YES;
				CLANG_WARN_RANGE_LOOP_ANALYSIS = YES;
				CLANG_WARN_STRICT_PROTOTYPES = YES;
				CLANG_WARN_SUSPICIOUS_MOVE = YES;
				CLANG_WARN_UNGUARDED_AVAILABILITY = YES_AGGRESSIVE;
				CLANG_WARN_UNREACHABLE_CODE = YES;
				CLANG_WARN__DUPLICATE_METHOD_MATCH = YES;
				COPY_PHASE_STRIP = NO;
				DEBUG_INFORMATION_FORMAT = dwarf;
				ENABLE_STRICT_OBJC_MSGSEND = YES;
				ENABLE_TESTABILITY = YES;
				GCC_C_LANGUAGE_STANDARD = gnu11;
				GCC_DYNAMIC_NO_PIC = NO;
				GCC_NO_COMMON_BLOCKS = YES;
				GCC_OPTIMIZATION_LEVEL = 0;
				GCC_PREPROCESSOR_DEFINITIONS = (
					"DEBUG=1",
					"$(inherited)",
				);
				GCC_WARN_64_TO_32_BIT_CONVERSION = YES;
				GCC_WARN_ABOUT_RETURN_TYPE = YES_ERROR;
				GCC_WARN_UNDECLARED_SELECTOR = YES;
				GCC_WARN_UNINITIALIZED_AUTOS = YES_AGGRESSIVE;
				GCC_WARN_UNUSED_FUNCTION = YES;
				GCC_WARN_UNUSED_VARIABLE = YES;
				IPHONEOS_DEPLOYMENT_TARGET = 16.2;
				MTL_ENABLE_DEBUG_INFO = INCLUDE_SOURCE;
				MTL_FAST_MATH = YES;
				ONLY_ACTIVE_ARCH = YES;
				SDKROOT = iphoneos;
				SWIFT_ACTIVE_COMPILATION_CONDITIONS = DEBUG;
				SWIFT_OPTIMIZATION_LEVEL = "-Onone";
			};
			name = Debug;
		};
		18014F0729862C43008891FB /* Release */ = {
			isa = XCBuildConfiguration;
			buildSettings = {
				ALWAYS_SEARCH_USER_PATHS = NO;
				CLANG_ANALYZER_NONNULL = YES;
				CLANG_ANALYZER_NUMBER_OBJECT_CONVERSION = YES_AGGRESSIVE;
				CLANG_CXX_LANGUAGE_STANDARD = "gnu++20";
				CLANG_ENABLE_MODULES = YES;
				CLANG_ENABLE_OBJC_ARC = YES;
				CLANG_ENABLE_OBJC_WEAK = YES;
				CLANG_WARN_BLOCK_CAPTURE_AUTORELEASING = YES;
				CLANG_WARN_BOOL_CONVERSION = YES;
				CLANG_WARN_COMMA = YES;
				CLANG_WARN_CONSTANT_CONVERSION = YES;
				CLANG_WARN_DEPRECATED_OBJC_IMPLEMENTATIONS = YES;
				CLANG_WARN_DIRECT_OBJC_ISA_USAGE = YES_ERROR;
				CLANG_WARN_DOCUMENTATION_COMMENTS = YES;
				CLANG_WARN_EMPTY_BODY = YES;
				CLANG_WARN_ENUM_CONVERSION = YES;
				CLANG_WARN_INFINITE_RECURSION = YES;
				CLANG_WARN_INT_CONVERSION = YES;
				CLANG_WARN_NON_LITERAL_NULL_CONVERSION = YES;
				CLANG_WARN_OBJC_IMPLICIT_RETAIN_SELF = YES;
				CLANG_WARN_OBJC_LITERAL_CONVERSION = YES;
				CLANG_WARN_OBJC_ROOT_CLASS = YES_ERROR;
				CLANG_WARN_QUOTED_INCLUDE_IN_FRAMEWORK_HEADER = YES;
				CLANG_WARN_RANGE_LOOP_ANALYSIS = YES;
				CLANG_WARN_STRICT_PROTOTYPES = YES;
				CLANG_WARN_SUSPICIOUS_MOVE = YES;
				CLANG_WARN_UNGUARDED_AVAILABILITY = YES_AGGRESSIVE;
				CLANG_WARN_UNREACHABLE_CODE = YES;
				CLANG_WARN__DUPLICATE_METHOD_MATCH = YES;
				COPY_PHASE_STRIP = NO;
				DEBUG_INFORMATION_FORMAT = "dwarf-with-dsym";
				ENABLE_NS_ASSERTIONS = NO;
				ENABLE_STRICT_OBJC_MSGSEND = YES;
				GCC_C_LANGUAGE_STANDARD = gnu11;
				GCC_NO_COMMON_BLOCKS = YES;
				GCC_WARN_64_TO_32_BIT_CONVERSION = YES;
				GCC_WARN_ABOUT_RETURN_TYPE = YES_ERROR;
				GCC_WARN_UNDECLARED_SELECTOR = YES;
				GCC_WARN_UNINITIALIZED_AUTOS = YES_AGGRESSIVE;
				GCC_WARN_UNUSED_FUNCTION = YES;
				GCC_WARN_UNUSED_VARIABLE = YES;
				IPHONEOS_DEPLOYMENT_TARGET = 16.2;
				MTL_ENABLE_DEBUG_INFO = NO;
				MTL_FAST_MATH = YES;
				SDKROOT = iphoneos;
				SWIFT_COMPILATION_MODE = wholemodule;
				SWIFT_OPTIMIZATION_LEVEL = "-O";
				VALIDATE_PRODUCT = YES;
			};
			name = Release;
		};
		18014F0929862C43008891FB /* Debug */ = {
			isa = XCBuildConfiguration;
			buildSettings = {
				ASSETCATALOG_COMPILER_APPICON_NAME = AppIcon;
				ASSETCATALOG_COMPILER_GLOBAL_ACCENT_COLOR_NAME = AccentColor;
				CODE_SIGN_STYLE = Automatic;
				CURRENT_PROJECT_VERSION = 1;
				DEVELOPMENT_TEAM = QWB2GH78M4;
				GENERATE_INFOPLIST_FILE = YES;
				INFOPLIST_FILE = "Xylophone Pro/Info.plist";
				INFOPLIST_KEY_UIApplicationSupportsIndirectInputEvents = YES;
				INFOPLIST_KEY_UILaunchStoryboardName = LaunchScreen;
				INFOPLIST_KEY_UIMainStoryboardFile = Main;
				INFOPLIST_KEY_UISupportedInterfaceOrientations_iPad = "UIInterfaceOrientationPortrait UIInterfaceOrientationPortraitUpsideDown UIInterfaceOrientationLandscapeLeft UIInterfaceOrientationLandscapeRight";
				INFOPLIST_KEY_UISupportedInterfaceOrientations_iPhone = "UIInterfaceOrientationPortrait UIInterfaceOrientationLandscapeLeft UIInterfaceOrientationLandscapeRight";
				LD_RUNPATH_SEARCH_PATHS = (
					"$(inherited)",
					"@executable_path/Frameworks",
				);
				MARKETING_VERSION = 1.0;
				PRODUCT_BUNDLE_IDENTIFIER = "dev.babichev.Xylophone-Pro";
				PRODUCT_NAME = "$(TARGET_NAME)";
				SUPPORTED_PLATFORMS = "iphoneos iphonesimulator";
				SUPPORTS_MACCATALYST = NO;
				SUPPORTS_MAC_DESIGNED_FOR_IPHONE_IPAD = YES;
				SWIFT_EMIT_LOC_STRINGS = YES;
				SWIFT_VERSION = 5.0;
				TARGETED_DEVICE_FAMILY = 1;
			};
			name = Debug;
		};
		18014F0A29862C43008891FB /* Release */ = {
			isa = XCBuildConfiguration;
			buildSettings = {
				ASSETCATALOG_COMPILER_APPICON_NAME = AppIcon;
				ASSETCATALOG_COMPILER_GLOBAL_ACCENT_COLOR_NAME = AccentColor;
				CODE_SIGN_STYLE = Automatic;
				CURRENT_PROJECT_VERSION = 1;
				DEVELOPMENT_TEAM = QWB2GH78M4;
				GENERATE_INFOPLIST_FILE = YES;
				INFOPLIST_FILE = "Xylophone Pro/Info.plist";
				INFOPLIST_KEY_UIApplicationSupportsIndirectInputEvents = YES;
				INFOPLIST_KEY_UILaunchStoryboardName = LaunchScreen;
				INFOPLIST_KEY_UIMainStoryboardFile = Main;
				INFOPLIST_KEY_UISupportedInterfaceOrientations_iPad = "UIInterfaceOrientationPortrait UIInterfaceOrientationPortraitUpsideDown UIInterfaceOrientationLandscapeLeft UIInterfaceOrientationLandscapeRight";
				INFOPLIST_KEY_UISupportedInterfaceOrientations_iPhone = "UIInterfaceOrientationPortrait UIInterfaceOrientationLandscapeLeft UIInterfaceOrientationLandscapeRight";
				LD_RUNPATH_SEARCH_PATHS = (
					"$(inherited)",
					"@executable_path/Frameworks",
				);
				MARKETING_VERSION = 1.0;
				PRODUCT_BUNDLE_IDENTIFIER = "dev.babichev.Xylophone-Pro";
				PRODUCT_NAME = "$(TARGET_NAME)";
				SUPPORTED_PLATFORMS = "iphoneos iphonesimulator";
				SUPPORTS_MACCATALYST = NO;
				SUPPORTS_MAC_DESIGNED_FOR_IPHONE_IPAD = YES;
				SWIFT_EMIT_LOC_STRINGS = YES;
				SWIFT_VERSION = 5.0;
				TARGETED_DEVICE_FAMILY = 1;
			};
			name = Release;
		};
/* End XCBuildConfiguration section */

/* Begin XCConfigurationList section */
		18014EEF29862C43008891FB /* Build configuration list for PBXProject "Xylophone Pro" */ = {
			isa = XCConfigurationList;
			buildConfigurations = (
				18014F0629862C43008891FB /* Debug */,
				18014F0729862C43008891FB /* Release */,
			);
			defaultConfigurationIsVisible = 0;
			defaultConfigurationName = Release;
		};
		18014F0829862C43008891FB /* Build configuration list for PBXNativeTarget "Xylophone Pro" */ = {
			isa = XCConfigurationList;
			buildConfigurations = (
				18014F0929862C43008891FB /* Debug */,
				18014F0A29862C43008891FB /* Release */,
			);
			defaultConfigurationIsVisible = 0;
			defaultConfigurationName = Release;
		};
/* End XCConfigurationList section */
	};
	rootObject = 18014EEC29862C43008891FB /* Project object */;
}
